{
  "name": "ngx-auth-firebaseui",
  "version": "4.4.0",
  "lockfileVersion": 1,
  "requires": true,
  "dependencies": {
    "@capacitor-community/apple-sign-in": {
      "version": "0.0.12",
      "resolved": "https://registry.npmjs.org/@capacitor-community/apple-sign-in/-/apple-sign-in-0.0.12.tgz",
      "integrity": "sha512-0e02CDZT0w9Fw8aS2BrWx85BD4cS2L+X6h5ESd/fPFsDDV/qjknq0XN388SZMK35KDZaskjp1TcHEQAmWr6Y/Q==",
      "requires": {
        "@capacitor/core": "^2.4.2"
      }
    },
    "@capacitor/core": {
      "version": "2.4.2",
      "resolved": "https://registry.npmjs.org/@capacitor/core/-/core-2.4.2.tgz",
      "integrity": "sha512-xQyJSZo50+aAvX3ZsX5h2xJDjz1LQxGT0A6/qD1pqJVEUeDhzdfYMbxCPWbmqSONZXddHtwrTiIsjq1Wd+ukuQ==",
      "requires": {
        "tslib": "^1.9.0"
      }
    },
    "cordova-plugin-sign-in-with-apple": {
      "version": "0.1.2",
      "resolved": "https://registry.npmjs.org/cordova-plugin-sign-in-with-apple/-/cordova-plugin-sign-in-with-apple-0.1.2.tgz",
      "integrity": "sha512-SOVa2fwqT5aRGCclgjQIZAA0RsylX9vWtVwNK9sx6kTV65FjZ2CcOygyY//EIo9YNSGzHR+OExhu9EDagyZIpg=="
    },
    "tslib": {
      "version": "1.14.1",
      "resolved": "https://registry.npmjs.org/tslib/-/tslib-1.14.1.tgz",
      "integrity": "sha512-Xni35NKzjgMrwevysHTCArtLDpPvye8zV/0E4EyYn43P7/7qvQwPh9BGkHewbMulVntbigmcT7rdX3BNo9wRJg=="
    }
  }
}
